{
  "name": "turbo-slider",
  "version": "1.0.0",
  "lockfileVersion": 3,
  "requires": true,
  "packages": {
    "": {
      "name": "turbo-slider",
      "version": "1.0.0",
      "license": "ISC",
      "dependencies": {
        "turbo-slider": "^1.0.0"
      }
    },
    "node_modules/turbo-slider": {
      "version": "1.0.0",
      "resolved": "https://registry.npmjs.org/turbo-slider/-/turbo-slider-1.0.0.tgz",
      "integrity": "sha512-+i5QQglMLDSDSwiG4/EpvaG1QcgINP0eW7NAc81pITddSF9QIM+FyhMDHX10DoXqkn2qgKQQdC8ZKwgy9oCdqg==",
      "license": "ISC"
    }
  }
}
